{
  "version": 4,
  "terraform_version": "1.13.3",
  "serial": 21,
  "lineage": "2bea69e7-72b0-5af7-ebcf-096f303f1a42",
  "outputs": {
    "generated_private_key_pem": {
      "value": "-----BEGIN RSA PRIVATE KEY-----\nMIIJKAIBAAKCAgEA81+3WznE6DyJBsTyN3mG6gKRGQ6zRawGIcTEdRhfOHj0Y2+8\nmPEGTfS17/fli68v7ghOYrOxFY8SAzb+yNZWWVSQSGQF/5A8NQm6xzRZQed5cLVe\nHHb9RzURNYfT7hTijUyvGLBYvxCyeS2YN28xNuE1zXvovDeLPLqsjBJlgPlpbygx\n1OK6ng4EESH0i6wmIAhm/92hqEgs+yBHkVNNDJlco1z5Wa9f2xbDrOfeg01RlbJN\nSQ/Pdn30fXWDz/AOOd/dKcMdmiooRN6fY5zmIaWJ7OaFcNvi6i0vQ2+xNa+u9CDm\nlOaus2TsH1H3Ymq1dp24BPdr2sJd0UN5cqoC4T8CGObxmhRz257HJQNanfaITx7x\ntuWUPANZaWLC+2wUlYisSgUlpheUCi0GSg6SyM9y9r9PuVp/hTOTKycuPeQm3iOe\ng4hTQsQ7aUtNAGjX4Y+SILU01yvz/farIK9r1EB7G1OknMLbKzKggfMo9N3hzfVI\nntzrM9ZMcdPyywTz2z8+yUxWudv2WkdnqKH9hSHUvHJjlMp1rDQxd/QUdUocMYNJ\n2g7GVm3CzSeU80zKSU85UAtWLT0fMWf1l9SpnrSzw4ZtproV+tYkOH5mkWxWFQZh\nXqZss6WzAaaaSbs3kGhGDFiPfmFF9ziHvJSYBoPgSkoS22RfwFB9l+bIjYMCAwEA\nAQKCAgAtnIo2ICkNp069BIsqp22IDOwZqJ4jmB5cFM8G7QbnhA+1VRshBMb8NDkm\n3KxaFf6jG05phCjTlAk5rgRpKnZrboRN9OUE5QjLneOx8tcpmVKys2MMbaaBQmpT\nwH2RGLvu5GjKdT5krKHuQQPOm9m64dFeDfNr1vMS8h9lbwsz9UpzyTIxpj54YcMU\nXOtChARvK3P2Txi9e61mcUHIdDaz/kgU29dlng8Wdfk9PgV/US3RouWGJF7q46c/\nHheSkHhyE0kVSxqQqob6hUiU+DJPKwGi8v8eTC+GWOqLNnMdTyw4V7QvQt6KA4eX\nRRraiIoyzVNQJvjBOn0vu3gW69L2+3J3ZvK4U+0vVKpM9niWwnH69GQbhptKWzz0\nn4t58ZLafOjhmcPcVS8wHUpx6pGnAvgrhk5J+CYxzMSz1UGJ7k1LwwrF+whEMQ8K\nw30JbsbC9eppcKGXPdskr5IQcWzoeQTfxs5PBlSWwBa1R4+56Q2wN2dgAPRNPtZ8\nZpJC/82dl2PPUhopI9LYeMhdS0d0Nyv2bGYtlNskkEg6V96yoJmrf0j8ipo+N77Y\nMJVhdcQYietXN7zrscok4gVLhjnTXQZotcYXUVnJEKB5ggpgugIn8nAfFZiDGVic\ncJ1Olq9FjAt/wnFOplm9y5tXlQ42/EvbWWuDDvuJGMMQta6sFQKCAQEA9/LPu6XB\nFPHQ/+l6k+AbRmZmxPbvgVL2N/LzQJBDpKPgW2/Y5Uce0V6FQAgQSAToLk961JLR\nSTxH3XHQJzslvxZ8dP/Zyyd244ZN/+8e+QqsZX4nSwAAYzalq7jm/gMCRAwltJor\nkGmMuSjKr8xZlnz7sbgnDMwBUBGq0Gob6jFhxv1v/3pFmbk8u4sHoB+W1/ryk0GO\ncrisHvW9YXhu83NQ9d0xUJMDH5E2DZHV8Mtde0tvkd7yPbGQNgq8UuuaiSoVM9lE\nCmDIZbFogKyRgKSXYSgVrthGsktAbBEks0ig61WKSH20orHL35Cl8zfqOxsPAnaY\nxCjqTJFSyRJJPQKCAQEA+0bgV72fOsYZC/wik8u6w7WJzSpP8sKUzvffiPCgRHrI\nq2ZDMdN1e+47Kfzl2jJtuKfgc7hDZrl90wz9dXPokyEd7Q2g/990mk510D4rjp+0\nBQBn8U7ScIaEdDLztByXIL6agPk1dYYIYf0/RCyrRRFcmEGvR2M76+UxRLyfWJud\nlF0YsJf7HxvVfZaIkPer7ukVyJGQj2TZE9SuGKh/yFGmCaBPli045eVOtMR4nat7\nTvSd2Wl8cyO/zzaZR2Ag76FdHaILw2Q8R2CP2PZlapioXvOI2xNPyNHBLqkiR6mm\nUDMivXVMp2dtcVkmMQmnff7Wb+meRWlDXt3TnLgdvwKCAQBdTvQcAtG5pxLm659k\nfObmxGySXPde7LCZ94TRXDkIgV9SKbIu/me7lN2CbkZqQ+Z4XxKzYpj9/YBx9n3F\n9b1LvxORGCOHD0/vacB6uyslv32HKEVzNQnwTEVmbUwIdWtp3kRmRcp1KzN5Dr/Q\nDo/8UQaLJ+kSKMepsSxeCEB/DpxkPUXjl8kPg6U2UqjI+npSxy54eig4RgUIFaRy\nRNdEKLZkAByp3NlFDOmRi7s+RdnlJ0tSUttImkTSAZJDhkR+r+aQv4eafDeOBYh1\nO/v5tHb/ag1W4i8gs68HvB/alE9yoJtMknni7BP0C0RYVkeAfLtWSvlMgLVDoUDN\nSGNlAoIBABB/i9VW9vB190kJKgAIPWACOGUHJS6sRfb84WltWyiD408VrM3Fs44K\ni0nrd/AGpZudMiiG7a39+dv0m2Ot05RtdTiOT4bdVhuXkTa2DkgUBk7ZwvleEoUe\n3+19NvEZe3bD7QMQ2ci4ny5H4XKJeElVpX29ulN2mYWYi86Wj+PSe9s07Z0SrYNS\nYYcYbikOifRqy2pa3GH93h7mNPQbhCBT9BHnu7IBkB3QG4XU7JJ1ougBOaf/vBMX\nQs3JKPE9x4vUTXfXnuwaVbbeCTPWobwI/+0UEmVH9FIcK5HzuvN3mRrk8J/95qWL\nLe1mTBKmLqAgLlY0wZaPHcRJzk4Y7KMCggEBAN9jvHhHoAXpvE6+nTkOLZAbnRu1\nKKIxrUVw7DHEo6YRzCdXOY5hF5Mwjovg6CoB9Ke4XqE2isJZez4L9XQ54K05QraZ\nBRE4mHwqWtCEjiUM7fnOY8ppOkz0g8SMaWMNR9MLOTornaXGgfpWId8hvJ+8igxw\nVNUWHE38LlNuvX1vz8IeTXkIHbfMZq+wJtWbNI9VkrSmhrrCpcf5Mi5+Jjk0WUCA\nglSlnCMHxCaGPIs2X72++Y0/B08TwdZwPZXeivZFDjqug082wStGabAoXKKqzsxd\nL3wjtBk+QDfEttNJp6QZ1LgP79qfOCJc22Q0xYLCrgjmCd+Jn0yM3eaS7e4=\n-----END RSA PRIVATE KEY-----\n",
      "type": "string",
      "sensitive": true
    },
    "private_vm_private_ip": {
      "value": "10.10.2.4",
      "type": "string"
    },
    "public_vm_public_ip": {
      "value": "4.194.151.187",
      "type": "string"
    },
    "public_vm_ssh": {
      "value": "ssh -i tf_generated_key.pem azureuser@4.194.151.187",
      "type": "string"
    },
    "resource_group": {
      "value": "tf-rg-southeastasia",
      "type": "string"
    }
  },
  "resources": [
    {
      "mode": "managed",
      "type": "azurerm_linux_virtual_machine",
      "name": "private_vm",
      "provider": "provider[\"registry.terraform.io/hashicorp/azurerm\"]",
      "instances": [
        {
          "schema_version": 0,
          "attributes": {
            "additional_capabilities": [],
            "admin_password": null,
            "admin_ssh_key": [
              {
                "public_key": "ssh-rsa AAAAB3NzaC1yc2EAAAADAQABAAACAQDzX7dbOcToPIkGxPI3eYbqApEZDrNFrAYhxMR1GF84ePRjb7yY8QZN9LXv9+WLry/uCE5is7EVjxIDNv7I1lZZVJBIZAX/kDw1CbrHNFlB53lwtV4cdv1HNRE1h9PuFOKNTK8YsFi/ELJ5LZg3bzE24TXNe+i8N4s8uqyMEmWA+WlvKDHU4rqeDgQRIfSLrCYgCGb/3aGoSCz7IEeRU00MmVyjXPlZr1/bFsOs596DTVGVsk1JD892ffR9dYPP8A45390pwx2aKihE3p9jnOYhpYns5oVw2+LqLS9Db7E1r670IOaU5q6zZOwfUfdiarV2nbgE92vawl3RQ3lyqgLhPwIY5vGaFHPbnsclA1qd9ohPHvG25ZQ8A1lpYsL7bBSViKxKBSWmF5QKLQZKDpLIz3L2v0+5Wn+FM5MrJy495CbeI56DiFNCxDtpS00AaNfhj5IgtTTXK/P99qsgr2vUQHsbU6ScwtsrMqCB8yj03eHN9Uie3Osz1kxx0/LLBPPbPz7JTFa52/ZaR2eoof2FIdS8cmOUynWsNDF39BR1Shwxg0naDsZWbcLNJ5TzTMpJTzlQC1YtPR8xZ/WX1KmetLPDhm2muhX61iQ4fmaRbFYVBmFepmyzpbMBpppJuzeQaEYMWI9+YUX3OIe8lJgGg+BKShLbZF/AUH2X5siNgw==\n",
                "username": "azureuser"
              }
            ],
            "admin_username": "azureuser",
            "allow_extension_operations": true,
            "availability_set_id": "",
            "boot_diagnostics": [],
            "bypass_platform_safety_checks_on_user_schedule_enabled": false,
            "capacity_reservation_group_id": "",
            "computer_name": "vm-private-41fc64",
            "custom_data": "I2Nsb3VkLWNvbmZpZwpwYWNrYWdlX3VwZGF0ZTogdHJ1ZQpwYWNrYWdlczoKICAtIG5naW54CnJ1bmNtZDoKICAtIHN5c3RlbWN0bCBlbmFibGUgbmdpbngKICAtIHN5c3RlbWN0bCBzdGFydCBuZ2lueAogIC0gYmFzaCAtYyAnZWNobyAiPGgxPk5HSU5YIG9uICQoaG9zdG5hbWUpIC0gZGVwbG95ZWQgYnkgVGVycmFmb3JtPC9oMT4iID4gL3Zhci93d3cvaHRtbC9pbmRleC5odG1sJwogIC0gYmFzaCAtYyAnZWNobyAiRGVwbG95ZWQgYXQgJChkYXRlIC11KSIgPj4gL3Zhci93d3cvaHRtbC9pbmRleC5odG1sJwo=",
            "dedicated_host_group_id": "",
            "dedicated_host_id": "",
            "disable_password_authentication": true,
            "disk_controller_type": "SCSI",
            "edge_zone": "",
            "encryption_at_host_enabled": false,
            "eviction_policy": "",
            "extensions_time_budget": "PT1H30M",
            "gallery_application": [],
            "id": "/subscriptions/cc4b8a98-541c-41a9-a9b0-c6881f0e1db1/resourceGroups/tf-rg-southeastasia/providers/Microsoft.Compute/virtualMachines/vm-private-41fc64",
            "identity": [],
            "license_type": "",
            "location": "southeastasia",
            "max_bid_price": -1,
            "name": "vm-private-41fc64",
            "network_interface_ids": [
              "/subscriptions/cc4b8a98-541c-41a9-a9b0-c6881f0e1db1/resourceGroups/tf-rg-southeastasia/providers/Microsoft.Network/networkInterfaces/nic-private-41fc64"
            ],
            "os_disk": [
              {
                "caching": "ReadWrite",
                "diff_disk_settings": [],
                "disk_encryption_set_id": "",
                "disk_size_gb": 30,
                "name": "vm-private-41fc64_OsDisk_1_291da1eecbd24247b31333e36575b49a",
                "secure_vm_disk_encryption_set_id": "",
                "security_encryption_type": "",
                "storage_account_type": "Standard_LRS",
                "write_accelerator_enabled": false
              }
            ],
            "os_image_notification": [],
            "patch_assessment_mode": "ImageDefault",
            "patch_mode": "ImageDefault",
            "plan": [],
            "platform_fault_domain": -1,
            "priority": "Regular",
            "private_ip_address": "10.10.2.4",
            "private_ip_addresses": [
              "10.10.2.4"
            ],
            "provision_vm_agent": true,
            "proximity_placement_group_id": "",
            "public_ip_address": "",
            "public_ip_addresses": [],
            "reboot_setting": "",
            "resource_group_name": "tf-rg-southeastasia",
            "secret": [],
            "secure_boot_enabled": false,
            "size": "Standard_B1ms",
            "source_image_id": "",
            "source_image_reference": [
              {
                "offer": "0001-com-ubuntu-server-focal",
                "publisher": "Canonical",
                "sku": "20_04-lts-gen2",
                "version": "latest"
              }
            ],
            "tags": {
              "Name": "private-nginx"
            },
            "termination_notification": null,
            "timeouts": null,
            "user_data": "",
            "virtual_machine_id": "db3aa9fd-329d-402e-a78a-3ee442ed04f0",
            "virtual_machine_scale_set_id": "",
            "vm_agent_platform_updates_enabled": false,
            "vtpm_enabled": false,
            "zone": ""
          },
          "sensitive_attributes": [
            [
              {
                "type": "get_attr",
                "value": "admin_password"
              }
            ],
            [
              {
                "type": "get_attr",
                "value": "custom_data"
              }
            ]
          ],
          "identity_schema_version": 0,
          "private": "eyJlMmJmYjczMC1lY2FhLTExZTYtOGY4OC0zNDM2M2JjN2M0YzAiOnsiY3JlYXRlIjoyNzAwMDAwMDAwMDAwLCJkZWxldGUiOjI3MDAwMDAwMDAwMDAsInJlYWQiOjMwMDAwMDAwMDAwMCwidXBkYXRlIjoyNzAwMDAwMDAwMDAwfX0=",
          "dependencies": [
            "azurerm_network_interface.private_nic",
            "azurerm_resource_group.rg",
            "azurerm_subnet.private",
            "azurerm_virtual_network.vnet",
            "random_id.suffix",
            "tls_private_key.ssh"
          ]
        }
      ]
    },
    {
      "mode": "managed",
      "type": "azurerm_linux_virtual_machine",
      "name": "public_vm",
      "provider": "provider[\"registry.terraform.io/hashicorp/azurerm\"]",
      "instances": [
        {
          "schema_version": 0,
          "attributes": {
            "additional_capabilities": [],
            "admin_password": null,
            "admin_ssh_key": [
              {
                "public_key": "ssh-rsa AAAAB3NzaC1yc2EAAAADAQABAAACAQDzX7dbOcToPIkGxPI3eYbqApEZDrNFrAYhxMR1GF84ePRjb7yY8QZN9LXv9+WLry/uCE5is7EVjxIDNv7I1lZZVJBIZAX/kDw1CbrHNFlB53lwtV4cdv1HNRE1h9PuFOKNTK8YsFi/ELJ5LZg3bzE24TXNe+i8N4s8uqyMEmWA+WlvKDHU4rqeDgQRIfSLrCYgCGb/3aGoSCz7IEeRU00MmVyjXPlZr1/bFsOs596DTVGVsk1JD892ffR9dYPP8A45390pwx2aKihE3p9jnOYhpYns5oVw2+LqLS9Db7E1r670IOaU5q6zZOwfUfdiarV2nbgE92vawl3RQ3lyqgLhPwIY5vGaFHPbnsclA1qd9ohPHvG25ZQ8A1lpYsL7bBSViKxKBSWmF5QKLQZKDpLIz3L2v0+5Wn+FM5MrJy495CbeI56DiFNCxDtpS00AaNfhj5IgtTTXK/P99qsgr2vUQHsbU6ScwtsrMqCB8yj03eHN9Uie3Osz1kxx0/LLBPPbPz7JTFa52/ZaR2eoof2FIdS8cmOUynWsNDF39BR1Shwxg0naDsZWbcLNJ5TzTMpJTzlQC1YtPR8xZ/WX1KmetLPDhm2muhX61iQ4fmaRbFYVBmFepmyzpbMBpppJuzeQaEYMWI9+YUX3OIe8lJgGg+BKShLbZF/AUH2X5siNgw==\n",
                "username": "azureuser"
              }
            ],
            "admin_username": "azureuser",
            "allow_extension_operations": true,
            "availability_set_id": "",
            "boot_diagnostics": [],
            "bypass_platform_safety_checks_on_user_schedule_enabled": false,
            "capacity_reservation_group_id": "",
            "computer_name": "vm-public-41fc64",
            "custom_data": "I2Nsb3VkLWNvbmZpZwpwYWNrYWdlX3VwZGF0ZTogdHJ1ZQpwYWNrYWdlczoKICAtIG5naW54CnJ1bmNtZDoKICAtIHN5c3RlbWN0bCBlbmFibGUgbmdpbngKICAtIHN5c3RlbWN0bCBzdGFydCBuZ2lueAogIC0gYmFzaCAtYyAnZWNobyAiPGgxPk5HSU5YIG9uICQoaG9zdG5hbWUpIC0gZGVwbG95ZWQgYnkgVGVycmFmb3JtPC9oMT4iID4gL3Zhci93d3cvaHRtbC9pbmRleC5odG1sJwogIC0gYmFzaCAtYyAnZWNobyAiRGVwbG95ZWQgYXQgJChkYXRlIC11KSIgPj4gL3Zhci93d3cvaHRtbC9pbmRleC5odG1sJwo=",
            "dedicated_host_group_id": "",
            "dedicated_host_id": "",
            "disable_password_authentication": true,
            "disk_controller_type": "SCSI",
            "edge_zone": "",
            "encryption_at_host_enabled": false,
            "eviction_policy": "",
            "extensions_time_budget": "PT1H30M",
            "gallery_application": [],
            "id": "/subscriptions/cc4b8a98-541c-41a9-a9b0-c6881f0e1db1/resourceGroups/tf-rg-southeastasia/providers/Microsoft.Compute/virtualMachines/vm-public-41fc64",
            "identity": [],
            "license_type": "",
            "location": "southeastasia",
            "max_bid_price": -1,
            "name": "vm-public-41fc64",
            "network_interface_ids": [
              "/subscriptions/cc4b8a98-541c-41a9-a9b0-c6881f0e1db1/resourceGroups/tf-rg-southeastasia/providers/Microsoft.Network/networkInterfaces/nic-public-41fc64"
            ],
            "os_disk": [
              {
                "caching": "ReadWrite",
                "diff_disk_settings": [],
                "disk_encryption_set_id": "",
                "disk_size_gb": 30,
                "name": "vm-public-41fc64_OsDisk_1_a0b5032a22fe4aa49f83da08425df5b1",
                "secure_vm_disk_encryption_set_id": "",
                "security_encryption_type": "",
                "storage_account_type": "Standard_LRS",
                "write_accelerator_enabled": false
              }
            ],
            "os_image_notification": [],
            "patch_assessment_mode": "ImageDefault",
            "patch_mode": "ImageDefault",
            "plan": [],
            "platform_fault_domain": -1,
            "priority": "Regular",
            "private_ip_address": "10.10.1.4",
            "private_ip_addresses": [
              "10.10.1.4"
            ],
            "provision_vm_agent": true,
            "proximity_placement_group_id": "",
            "public_ip_address": "4.194.151.187",
            "public_ip_addresses": [
              "4.194.151.187"
            ],
            "reboot_setting": "",
            "resource_group_name": "tf-rg-southeastasia",
            "secret": [],
            "secure_boot_enabled": false,
            "size": "Standard_B1ms",
            "source_image_id": "",
            "source_image_reference": [
              {
                "offer": "0001-com-ubuntu-server-focal",
                "publisher": "Canonical",
                "sku": "20_04-lts-gen2",
                "version": "latest"
              }
            ],
            "tags": {
              "Name": "public-nginx"
            },
            "termination_notification": null,
            "timeouts": null,
            "user_data": "",
            "virtual_machine_id": "dc1dd73b-6d60-438e-ad61-eb4fbf98dcf7",
            "virtual_machine_scale_set_id": "",
            "vm_agent_platform_updates_enabled": false,
            "vtpm_enabled": false,
            "zone": ""
          },
          "sensitive_attributes": [
            [
              {
                "type": "get_attr",
                "value": "admin_password"
              }
            ],
            [
              {
                "type": "get_attr",
                "value": "custom_data"
              }
            ]
          ],
          "identity_schema_version": 0,
          "private": "eyJlMmJmYjczMC1lY2FhLTExZTYtOGY4OC0zNDM2M2JjN2M0YzAiOnsiY3JlYXRlIjoyNzAwMDAwMDAwMDAwLCJkZWxldGUiOjI3MDAwMDAwMDAwMDAsInJlYWQiOjMwMDAwMDAwMDAwMCwidXBkYXRlIjoyNzAwMDAwMDAwMDAwfX0=",
          "dependencies": [
            "azurerm_network_interface.public_nic",
            "azurerm_public_ip.public_ip",
            "azurerm_resource_group.rg",
            "azurerm_subnet.public",
            "azurerm_virtual_network.vnet",
            "random_id.suffix",
            "tls_private_key.ssh"
          ]
        }
      ]
    },
    {
      "mode": "managed",
      "type": "azurerm_nat_gateway",
      "name": "nat",
      "provider": "provider[\"registry.terraform.io/hashicorp/azurerm\"]",
      "instances": [
        {
          "schema_version": 0,
          "attributes": {
            "id": "/subscriptions/cc4b8a98-541c-41a9-a9b0-c6881f0e1db1/resourceGroups/tf-rg-southeastasia/providers/Microsoft.Network/natGateways/nat-41fc64",
            "idle_timeout_in_minutes": 4,
            "location": "southeastasia",
            "name": "nat-41fc64",
            "resource_group_name": "tf-rg-southeastasia",
            "resource_guid": "d5000655-0987-42c7-834a-e8537dc09189",
            "sku_name": "Standard",
            "tags": null,
            "timeouts": null,
            "zones": null
          },
          "sensitive_attributes": [],
          "identity_schema_version": 0,
          "private": "eyJlMmJmYjczMC1lY2FhLTExZTYtOGY4OC0zNDM2M2JjN2M0YzAiOnsiY3JlYXRlIjozNjAwMDAwMDAwMDAwLCJkZWxldGUiOjM2MDAwMDAwMDAwMDAsInJlYWQiOjMwMDAwMDAwMDAwMCwidXBkYXRlIjozNjAwMDAwMDAwMDAwfX0=",
          "dependencies": [
            "azurerm_resource_group.rg",
            "random_id.suffix"
          ]
        }
      ]
    },
    {
      "mode": "managed",
      "type": "azurerm_nat_gateway_public_ip_association",
      "name": "nat_ip_assoc",
      "provider": "provider[\"registry.terraform.io/hashicorp/azurerm\"]",
      "instances": [
        {
          "schema_version": 0,
          "attributes": {
            "id": "/subscriptions/cc4b8a98-541c-41a9-a9b0-c6881f0e1db1/resourceGroups/tf-rg-southeastasia/providers/Microsoft.Network/natGateways/nat-41fc64|/subscriptions/cc4b8a98-541c-41a9-a9b0-c6881f0e1db1/resourceGroups/tf-rg-southeastasia/providers/Microsoft.Network/publicIPAddresses/nat-pip-41fc64",
            "nat_gateway_id": "/subscriptions/cc4b8a98-541c-41a9-a9b0-c6881f0e1db1/resourceGroups/tf-rg-southeastasia/providers/Microsoft.Network/natGateways/nat-41fc64",
            "public_ip_address_id": "/subscriptions/cc4b8a98-541c-41a9-a9b0-c6881f0e1db1/resourceGroups/tf-rg-southeastasia/providers/Microsoft.Network/publicIPAddresses/nat-pip-41fc64",
            "timeouts": null
          },
          "sensitive_attributes": [],
          "identity_schema_version": 0,
          "private": "eyJlMmJmYjczMC1lY2FhLTExZTYtOGY4OC0zNDM2M2JjN2M0YzAiOnsiY3JlYXRlIjoxODAwMDAwMDAwMDAwLCJkZWxldGUiOjE4MDAwMDAwMDAwMDAsInJlYWQiOjMwMDAwMDAwMDAwMH19",
          "dependencies": [
            "azurerm_nat_gateway.nat",
            "azurerm_public_ip.nat_pip",
            "azurerm_resource_group.rg",
            "random_id.suffix"
          ]
        }
      ]
    },
    {
      "mode": "managed",
      "type": "azurerm_network_interface",
      "name": "private_nic",
      "provider": "provider[\"registry.terraform.io/hashicorp/azurerm\"]",
      "instances": [
        {
          "schema_version": 0,
          "attributes": {
            "accelerated_networking_enabled": false,
            "applied_dns_servers": [],
            "auxiliary_mode": "",
            "auxiliary_sku": "",
            "dns_servers": [],
            "edge_zone": "",
            "enable_accelerated_networking": false,
            "enable_ip_forwarding": false,
            "id": "/subscriptions/cc4b8a98-541c-41a9-a9b0-c6881f0e1db1/resourceGroups/tf-rg-southeastasia/providers/Microsoft.Network/networkInterfaces/nic-private-41fc64",
            "internal_dns_name_label": "",
            "internal_domain_name_suffix": "4b0mp1bcw3fu3lqmgkg42bavcf.ix.internal.cloudapp.net",
            "ip_configuration": [
              {
                "gateway_load_balancer_frontend_ip_configuration_id": "",
                "name": "ipconfig",
                "primary": true,
                "private_ip_address": "10.10.2.4",
                "private_ip_address_allocation": "Dynamic",
                "private_ip_address_version": "IPv4",
                "public_ip_address_id": "",
                "subnet_id": "/subscriptions/cc4b8a98-541c-41a9-a9b0-c6881f0e1db1/resourceGroups/tf-rg-southeastasia/providers/Microsoft.Network/virtualNetworks/vnet-41fc64/subnets/snet-private"
              }
            ],
            "ip_forwarding_enabled": false,
            "location": "southeastasia",
            "mac_address": "",
            "name": "nic-private-41fc64",
            "private_ip_address": "10.10.2.4",
            "private_ip_addresses": [
              "10.10.2.4"
            ],
            "resource_group_name": "tf-rg-southeastasia",
            "tags": null,
            "timeouts": null,
            "virtual_machine_id": ""
          },
          "sensitive_attributes": [],
          "identity_schema_version": 0,
          "private": "eyJlMmJmYjczMC1lY2FhLTExZTYtOGY4OC0zNDM2M2JjN2M0YzAiOnsiY3JlYXRlIjoxODAwMDAwMDAwMDAwLCJkZWxldGUiOjE4MDAwMDAwMDAwMDAsInJlYWQiOjMwMDAwMDAwMDAwMCwidXBkYXRlIjoxODAwMDAwMDAwMDAwfX0=",
          "dependencies": [
            "azurerm_resource_group.rg",
            "azurerm_subnet.private",
            "azurerm_virtual_network.vnet",
            "random_id.suffix"
          ]
        }
      ]
    },
    {
      "mode": "managed",
      "type": "azurerm_network_interface",
      "name": "public_nic",
      "provider": "provider[\"registry.terraform.io/hashicorp/azurerm\"]",
      "instances": [
        {
          "schema_version": 0,
          "attributes": {
            "accelerated_networking_enabled": false,
            "applied_dns_servers": [],
            "auxiliary_mode": "",
            "auxiliary_sku": "",
            "dns_servers": [],
            "edge_zone": "",
            "enable_accelerated_networking": false,
            "enable_ip_forwarding": false,
            "id": "/subscriptions/cc4b8a98-541c-41a9-a9b0-c6881f0e1db1/resourceGroups/tf-rg-southeastasia/providers/Microsoft.Network/networkInterfaces/nic-public-41fc64",
            "internal_dns_name_label": "",
            "internal_domain_name_suffix": "4b0mp1bcw3fu3lqmgkg42bavcf.ix.internal.cloudapp.net",
            "ip_configuration": [
              {
                "gateway_load_balancer_frontend_ip_configuration_id": "",
                "name": "ipconfig",
                "primary": true,
                "private_ip_address": "10.10.1.4",
                "private_ip_address_allocation": "Dynamic",
                "private_ip_address_version": "IPv4",
                "public_ip_address_id": "/subscriptions/cc4b8a98-541c-41a9-a9b0-c6881f0e1db1/resourceGroups/tf-rg-southeastasia/providers/Microsoft.Network/publicIPAddresses/pip-41fc64",
                "subnet_id": "/subscriptions/cc4b8a98-541c-41a9-a9b0-c6881f0e1db1/resourceGroups/tf-rg-southeastasia/providers/Microsoft.Network/virtualNetworks/vnet-41fc64/subnets/snet-public"
              }
            ],
            "ip_forwarding_enabled": false,
            "location": "southeastasia",
            "mac_address": "",
            "name": "nic-public-41fc64",
            "private_ip_address": "10.10.1.4",
            "private_ip_addresses": [
              "10.10.1.4"
            ],
            "resource_group_name": "tf-rg-southeastasia",
            "tags": null,
            "timeouts": null,
            "virtual_machine_id": ""
          },
          "sensitive_attributes": [],
          "identity_schema_version": 0,
          "private": "eyJlMmJmYjczMC1lY2FhLTExZTYtOGY4OC0zNDM2M2JjN2M0YzAiOnsiY3JlYXRlIjoxODAwMDAwMDAwMDAwLCJkZWxldGUiOjE4MDAwMDAwMDAwMDAsInJlYWQiOjMwMDAwMDAwMDAwMCwidXBkYXRlIjoxODAwMDAwMDAwMDAwfX0=",
          "dependencies": [
            "azurerm_public_ip.public_ip",
            "azurerm_resource_group.rg",
            "azurerm_subnet.public",
            "azurerm_virtual_network.vnet",
            "random_id.suffix"
          ]
        }
      ]
    },
    {
      "mode": "managed",
      "type": "azurerm_network_security_group",
      "name": "public_nsg",
      "provider": "provider[\"registry.terraform.io/hashicorp/azurerm\"]",
      "instances": [
        {
          "schema_version": 0,
          "attributes": {
            "id": "/subscriptions/cc4b8a98-541c-41a9-a9b0-c6881f0e1db1/resourceGroups/tf-rg-southeastasia/providers/Microsoft.Network/networkSecurityGroups/nsg-public-41fc64",
            "location": "southeastasia",
            "name": "nsg-public-41fc64",
            "resource_group_name": "tf-rg-southeastasia",
            "security_rule": [],
            "tags": null,
            "timeouts": null
          },
          "sensitive_attributes": [],
          "identity_schema_version": 0,
          "private": "eyJlMmJmYjczMC1lY2FhLTExZTYtOGY4OC0zNDM2M2JjN2M0YzAiOnsiY3JlYXRlIjoxODAwMDAwMDAwMDAwLCJkZWxldGUiOjE4MDAwMDAwMDAwMDAsInJlYWQiOjMwMDAwMDAwMDAwMCwidXBkYXRlIjoxODAwMDAwMDAwMDAwfX0=",
          "dependencies": [
            "azurerm_resource_group.rg",
            "random_id.suffix"
          ]
        }
      ]
    },
    {
      "mode": "managed",
      "type": "azurerm_network_security_rule",
      "name": "allow_http",
      "provider": "provider[\"registry.terraform.io/hashicorp/azurerm\"]",
      "instances": [
        {
          "schema_version": 0,
          "attributes": {
            "access": "Allow",
            "description": "",
            "destination_address_prefix": "*",
            "destination_address_prefixes": null,
            "destination_application_security_group_ids": null,
            "destination_port_range": "80",
            "destination_port_ranges": null,
            "direction": "Inbound",
            "id": "/subscriptions/cc4b8a98-541c-41a9-a9b0-c6881f0e1db1/resourceGroups/tf-rg-southeastasia/providers/Microsoft.Network/networkSecurityGroups/nsg-public-41fc64/securityRules/Allow-HTTP-80",
            "name": "Allow-HTTP-80",
            "network_security_group_name": "nsg-public-41fc64",
            "priority": 110,
            "protocol": "Tcp",
            "resource_group_name": "tf-rg-southeastasia",
            "source_address_prefix": "0.0.0.0/0",
            "source_address_prefixes": null,
            "source_application_security_group_ids": null,
            "source_port_range": "*",
            "source_port_ranges": null,
            "timeouts": null
          },
          "sensitive_attributes": [],
          "identity_schema_version": 0,
          "private": "eyJlMmJmYjczMC1lY2FhLTExZTYtOGY4OC0zNDM2M2JjN2M0YzAiOnsiY3JlYXRlIjoxODAwMDAwMDAwMDAwLCJkZWxldGUiOjE4MDAwMDAwMDAwMDAsInJlYWQiOjMwMDAwMDAwMDAwMCwidXBkYXRlIjoxODAwMDAwMDAwMDAwfX0=",
          "dependencies": [
            "azurerm_network_security_group.public_nsg",
            "azurerm_resource_group.rg",
            "random_id.suffix"
          ]
        }
      ]
    },
    {
      "mode": "managed",
      "type": "azurerm_network_security_rule",
      "name": "allow_ssh",
      "provider": "provider[\"registry.terraform.io/hashicorp/azurerm\"]",
      "instances": [
        {
          "schema_version": 0,
          "attributes": {
            "access": "Allow",
            "description": "",
            "destination_address_prefix": "*",
            "destination_address_prefixes": null,
            "destination_application_security_group_ids": null,
            "destination_port_range": "22",
            "destination_port_ranges": null,
            "direction": "Inbound",
            "id": "/subscriptions/cc4b8a98-541c-41a9-a9b0-c6881f0e1db1/resourceGroups/tf-rg-southeastasia/providers/Microsoft.Network/networkSecurityGroups/nsg-public-41fc64/securityRules/Allow-SSH-From-MyIP",
            "name": "Allow-SSH-From-MyIP",
            "network_security_group_name": "nsg-public-41fc64",
            "priority": 100,
            "protocol": "Tcp",
            "resource_group_name": "tf-rg-southeastasia",
            "source_address_prefix": "14.97.164.46/32",
            "source_address_prefixes": null,
            "source_application_security_group_ids": null,
            "source_port_range": "*",
            "source_port_ranges": null,
            "timeouts": null
          },
          "sensitive_attributes": [],
          "identity_schema_version": 0,
          "private": "eyJlMmJmYjczMC1lY2FhLTExZTYtOGY4OC0zNDM2M2JjN2M0YzAiOnsiY3JlYXRlIjoxODAwMDAwMDAwMDAwLCJkZWxldGUiOjE4MDAwMDAwMDAwMDAsInJlYWQiOjMwMDAwMDAwMDAwMCwidXBkYXRlIjoxODAwMDAwMDAwMDAwfX0=",
          "dependencies": [
            "azurerm_network_security_group.public_nsg",
            "azurerm_resource_group.rg",
            "random_id.suffix"
          ]
        }
      ]
    },
    {
      "mode": "managed",
      "type": "azurerm_public_ip",
      "name": "nat_pip",
      "provider": "provider[\"registry.terraform.io/hashicorp/azurerm\"]",
      "instances": [
        {
          "schema_version": 0,
          "attributes": {
            "allocation_method": "Static",
            "ddos_protection_mode": "VirtualNetworkInherited",
            "ddos_protection_plan_id": null,
            "domain_name_label": null,
            "edge_zone": "",
            "fqdn": null,
            "id": "/subscriptions/cc4b8a98-541c-41a9-a9b0-c6881f0e1db1/resourceGroups/tf-rg-southeastasia/providers/Microsoft.Network/publicIPAddresses/nat-pip-41fc64",
            "idle_timeout_in_minutes": 4,
            "ip_address": "4.193.190.98",
            "ip_tags": null,
            "ip_version": "IPv4",
            "location": "southeastasia",
            "name": "nat-pip-41fc64",
            "public_ip_prefix_id": null,
            "resource_group_name": "tf-rg-southeastasia",
            "reverse_fqdn": null,
            "sku": "Standard",
            "sku_tier": "Regional",
            "tags": null,
            "timeouts": null,
            "zones": null
          },
          "sensitive_attributes": [],
          "identity_schema_version": 0,
          "private": "eyJlMmJmYjczMC1lY2FhLTExZTYtOGY4OC0zNDM2M2JjN2M0YzAiOnsiY3JlYXRlIjoxODAwMDAwMDAwMDAwLCJkZWxldGUiOjE4MDAwMDAwMDAwMDAsInJlYWQiOjMwMDAwMDAwMDAwMCwidXBkYXRlIjoxODAwMDAwMDAwMDAwfX0=",
          "dependencies": [
            "azurerm_resource_group.rg",
            "random_id.suffix"
          ]
        }
      ]
    },
    {
      "mode": "managed",
      "type": "azurerm_public_ip",
      "name": "public_ip",
      "provider": "provider[\"registry.terraform.io/hashicorp/azurerm\"]",
      "instances": [
        {
          "schema_version": 0,
          "attributes": {
            "allocation_method": "Static",
            "ddos_protection_mode": "VirtualNetworkInherited",
            "ddos_protection_plan_id": null,
            "domain_name_label": null,
            "edge_zone": "",
            "fqdn": null,
            "id": "/subscriptions/cc4b8a98-541c-41a9-a9b0-c6881f0e1db1/resourceGroups/tf-rg-southeastasia/providers/Microsoft.Network/publicIPAddresses/pip-41fc64",
            "idle_timeout_in_minutes": 4,
            "ip_address": "4.194.151.187",
            "ip_tags": null,
            "ip_version": "IPv4",
            "location": "southeastasia",
            "name": "pip-41fc64",
            "public_ip_prefix_id": null,
            "resource_group_name": "tf-rg-southeastasia",
            "reverse_fqdn": null,
            "sku": "Standard",
            "sku_tier": "Regional",
            "tags": null,
            "timeouts": null,
            "zones": null
          },
          "sensitive_attributes": [],
          "identity_schema_version": 0,
          "private": "eyJlMmJmYjczMC1lY2FhLTExZTYtOGY4OC0zNDM2M2JjN2M0YzAiOnsiY3JlYXRlIjoxODAwMDAwMDAwMDAwLCJkZWxldGUiOjE4MDAwMDAwMDAwMDAsInJlYWQiOjMwMDAwMDAwMDAwMCwidXBkYXRlIjoxODAwMDAwMDAwMDAwfX0=",
          "dependencies": [
            "azurerm_resource_group.rg",
            "random_id.suffix"
          ]
        }
      ]
    },
    {
      "mode": "managed",
      "type": "azurerm_resource_group",
      "name": "rg",
      "provider": "provider[\"registry.terraform.io/hashicorp/azurerm\"]",
      "instances": [
        {
          "schema_version": 0,
          "attributes": {
            "id": "/subscriptions/cc4b8a98-541c-41a9-a9b0-c6881f0e1db1/resourceGroups/tf-rg-southeastasia",
            "location": "southeastasia",
            "managed_by": "",
            "name": "tf-rg-southeastasia",
            "tags": null,
            "timeouts": null
          },
          "sensitive_attributes": [],
          "identity_schema_version": 0,
          "private": "eyJlMmJmYjczMC1lY2FhLTExZTYtOGY4OC0zNDM2M2JjN2M0YzAiOnsiY3JlYXRlIjo1NDAwMDAwMDAwMDAwLCJkZWxldGUiOjU0MDAwMDAwMDAwMDAsInJlYWQiOjMwMDAwMDAwMDAwMCwidXBkYXRlIjo1NDAwMDAwMDAwMDAwfX0="
        }
      ]
    },
    {
      "mode": "managed",
      "type": "azurerm_subnet",
      "name": "private",
      "provider": "provider[\"registry.terraform.io/hashicorp/azurerm\"]",
      "instances": [
        {
          "schema_version": 0,
          "attributes": {
            "address_prefixes": [
              "10.10.2.0/24"
            ],
            "default_outbound_access_enabled": true,
            "delegation": [],
            "enforce_private_link_endpoint_network_policies": false,
            "enforce_private_link_service_network_policies": false,
            "id": "/subscriptions/cc4b8a98-541c-41a9-a9b0-c6881f0e1db1/resourceGroups/tf-rg-southeastasia/providers/Microsoft.Network/virtualNetworks/vnet-41fc64/subnets/snet-private",
            "name": "snet-private",
            "private_endpoint_network_policies": "Enabled",
            "private_endpoint_network_policies_enabled": true,
            "private_link_service_network_policies_enabled": true,
            "resource_group_name": "tf-rg-southeastasia",
            "service_endpoint_policy_ids": null,
            "service_endpoints": null,
            "timeouts": null,
            "virtual_network_name": "vnet-41fc64"
          },
          "sensitive_attributes": [],
          "identity_schema_version": 0,
          "private": "eyJlMmJmYjczMC1lY2FhLTExZTYtOGY4OC0zNDM2M2JjN2M0YzAiOnsiY3JlYXRlIjoxODAwMDAwMDAwMDAwLCJkZWxldGUiOjE4MDAwMDAwMDAwMDAsInJlYWQiOjMwMDAwMDAwMDAwMCwidXBkYXRlIjoxODAwMDAwMDAwMDAwfX0=",
          "dependencies": [
            "azurerm_resource_group.rg",
            "azurerm_virtual_network.vnet",
            "random_id.suffix"
          ]
        }
      ]
    },
    {
      "mode": "managed",
      "type": "azurerm_subnet",
      "name": "public",
      "provider": "provider[\"registry.terraform.io/hashicorp/azurerm\"]",
      "instances": [
        {
          "schema_version": 0,
          "attributes": {
            "address_prefixes": [
              "10.10.1.0/24"
            ],
            "default_outbound_access_enabled": true,
            "delegation": [],
            "enforce_private_link_endpoint_network_policies": false,
            "enforce_private_link_service_network_policies": false,
            "id": "/subscriptions/cc4b8a98-541c-41a9-a9b0-c6881f0e1db1/resourceGroups/tf-rg-southeastasia/providers/Microsoft.Network/virtualNetworks/vnet-41fc64/subnets/snet-public",
            "name": "snet-public",
            "private_endpoint_network_policies": "Enabled",
            "private_endpoint_network_policies_enabled": true,
            "private_link_service_network_policies_enabled": true,
            "resource_group_name": "tf-rg-southeastasia",
            "service_endpoint_policy_ids": null,
            "service_endpoints": null,
            "timeouts": null,
            "virtual_network_name": "vnet-41fc64"
          },
          "sensitive_attributes": [],
          "identity_schema_version": 0,
          "private": "eyJlMmJmYjczMC1lY2FhLTExZTYtOGY4OC0zNDM2M2JjN2M0YzAiOnsiY3JlYXRlIjoxODAwMDAwMDAwMDAwLCJkZWxldGUiOjE4MDAwMDAwMDAwMDAsInJlYWQiOjMwMDAwMDAwMDAwMCwidXBkYXRlIjoxODAwMDAwMDAwMDAwfX0=",
          "dependencies": [
            "azurerm_resource_group.rg",
            "azurerm_virtual_network.vnet",
            "random_id.suffix"
          ]
        }
      ]
    },
    {
      "mode": "managed",
      "type": "azurerm_subnet_nat_gateway_association",
      "name": "private_nat_assoc",
      "provider": "provider[\"registry.terraform.io/hashicorp/azurerm\"]",
      "instances": [
        {
          "schema_version": 0,
          "attributes": {
            "id": "/subscriptions/cc4b8a98-541c-41a9-a9b0-c6881f0e1db1/resourceGroups/tf-rg-southeastasia/providers/Microsoft.Network/virtualNetworks/vnet-41fc64/subnets/snet-private",
            "nat_gateway_id": "/subscriptions/cc4b8a98-541c-41a9-a9b0-c6881f0e1db1/resourceGroups/tf-rg-southeastasia/providers/Microsoft.Network/natGateways/nat-41fc64",
            "subnet_id": "/subscriptions/cc4b8a98-541c-41a9-a9b0-c6881f0e1db1/resourceGroups/tf-rg-southeastasia/providers/Microsoft.Network/virtualNetworks/vnet-41fc64/subnets/snet-private",
            "timeouts": null
          },
          "sensitive_attributes": [],
          "identity_schema_version": 0,
          "private": "eyJlMmJmYjczMC1lY2FhLTExZTYtOGY4OC0zNDM2M2JjN2M0YzAiOnsiY3JlYXRlIjoxODAwMDAwMDAwMDAwLCJkZWxldGUiOjE4MDAwMDAwMDAwMDAsInJlYWQiOjMwMDAwMDAwMDAwMH19",
          "dependencies": [
            "azurerm_nat_gateway.nat",
            "azurerm_resource_group.rg",
            "azurerm_subnet.private",
            "azurerm_virtual_network.vnet",
            "random_id.suffix"
          ]
        }
      ]
    },
    {
      "mode": "managed",
      "type": "azurerm_subnet_network_security_group_association",
      "name": "public_nsg_assoc",
      "provider": "provider[\"registry.terraform.io/hashicorp/azurerm\"]",
      "instances": [
        {
          "schema_version": 0,
          "attributes": {
            "id": "/subscriptions/cc4b8a98-541c-41a9-a9b0-c6881f0e1db1/resourceGroups/tf-rg-southeastasia/providers/Microsoft.Network/virtualNetworks/vnet-41fc64/subnets/snet-public",
            "network_security_group_id": "/subscriptions/cc4b8a98-541c-41a9-a9b0-c6881f0e1db1/resourceGroups/tf-rg-southeastasia/providers/Microsoft.Network/networkSecurityGroups/nsg-public-41fc64",
            "subnet_id": "/subscriptions/cc4b8a98-541c-41a9-a9b0-c6881f0e1db1/resourceGroups/tf-rg-southeastasia/providers/Microsoft.Network/virtualNetworks/vnet-41fc64/subnets/snet-public",
            "timeouts": null
          },
          "sensitive_attributes": [],
          "identity_schema_version": 0,
          "private": "eyJlMmJmYjczMC1lY2FhLTExZTYtOGY4OC0zNDM2M2JjN2M0YzAiOnsiY3JlYXRlIjoxODAwMDAwMDAwMDAwLCJkZWxldGUiOjE4MDAwMDAwMDAwMDAsInJlYWQiOjMwMDAwMDAwMDAwMH19",
          "dependencies": [
            "azurerm_network_security_group.public_nsg",
            "azurerm_resource_group.rg",
            "azurerm_subnet.public",
            "azurerm_virtual_network.vnet",
            "random_id.suffix"
          ]
        }
      ]
    },
    {
      "mode": "managed",
      "type": "azurerm_virtual_network",
      "name": "vnet",
      "provider": "provider[\"registry.terraform.io/hashicorp/azurerm\"]",
      "instances": [
        {
          "schema_version": 0,
          "attributes": {
            "address_space": [
              "10.10.0.0/16"
            ],
            "bgp_community": "",
            "ddos_protection_plan": [],
            "dns_servers": [],
            "edge_zone": "",
            "encryption": [],
            "flow_timeout_in_minutes": 0,
            "guid": "ecc774f0-b722-4e4b-ae0c-328dee041515",
            "id": "/subscriptions/cc4b8a98-541c-41a9-a9b0-c6881f0e1db1/resourceGroups/tf-rg-southeastasia/providers/Microsoft.Network/virtualNetworks/vnet-41fc64",
            "location": "southeastasia",
            "name": "vnet-41fc64",
            "resource_group_name": "tf-rg-southeastasia",
            "subnet": [],
            "tags": null,
            "timeouts": null
          },
          "sensitive_attributes": [],
          "identity_schema_version": 0,
          "private": "eyJlMmJmYjczMC1lY2FhLTExZTYtOGY4OC0zNDM2M2JjN2M0YzAiOnsiY3JlYXRlIjoxODAwMDAwMDAwMDAwLCJkZWxldGUiOjE4MDAwMDAwMDAwMDAsInJlYWQiOjMwMDAwMDAwMDAwMCwidXBkYXRlIjoxODAwMDAwMDAwMDAwfX0=",
          "dependencies": [
            "azurerm_resource_group.rg",
            "random_id.suffix"
          ]
        }
      ]
    },
    {
      "mode": "managed",
      "type": "local_file",
      "name": "private_key_pem",
      "provider": "provider[\"registry.terraform.io/hashicorp/local\"]",
      "instances": [
        {
          "schema_version": 0,
          "attributes": {
            "content": "-----BEGIN RSA PRIVATE KEY-----\nMIIJKAIBAAKCAgEA81+3WznE6DyJBsTyN3mG6gKRGQ6zRawGIcTEdRhfOHj0Y2+8\nmPEGTfS17/fli68v7ghOYrOxFY8SAzb+yNZWWVSQSGQF/5A8NQm6xzRZQed5cLVe\nHHb9RzURNYfT7hTijUyvGLBYvxCyeS2YN28xNuE1zXvovDeLPLqsjBJlgPlpbygx\n1OK6ng4EESH0i6wmIAhm/92hqEgs+yBHkVNNDJlco1z5Wa9f2xbDrOfeg01RlbJN\nSQ/Pdn30fXWDz/AOOd/dKcMdmiooRN6fY5zmIaWJ7OaFcNvi6i0vQ2+xNa+u9CDm\nlOaus2TsH1H3Ymq1dp24BPdr2sJd0UN5cqoC4T8CGObxmhRz257HJQNanfaITx7x\ntuWUPANZaWLC+2wUlYisSgUlpheUCi0GSg6SyM9y9r9PuVp/hTOTKycuPeQm3iOe\ng4hTQsQ7aUtNAGjX4Y+SILU01yvz/farIK9r1EB7G1OknMLbKzKggfMo9N3hzfVI\nntzrM9ZMcdPyywTz2z8+yUxWudv2WkdnqKH9hSHUvHJjlMp1rDQxd/QUdUocMYNJ\n2g7GVm3CzSeU80zKSU85UAtWLT0fMWf1l9SpnrSzw4ZtproV+tYkOH5mkWxWFQZh\nXqZss6WzAaaaSbs3kGhGDFiPfmFF9ziHvJSYBoPgSkoS22RfwFB9l+bIjYMCAwEA\nAQKCAgAtnIo2ICkNp069BIsqp22IDOwZqJ4jmB5cFM8G7QbnhA+1VRshBMb8NDkm\n3KxaFf6jG05phCjTlAk5rgRpKnZrboRN9OUE5QjLneOx8tcpmVKys2MMbaaBQmpT\nwH2RGLvu5GjKdT5krKHuQQPOm9m64dFeDfNr1vMS8h9lbwsz9UpzyTIxpj54YcMU\nXOtChARvK3P2Txi9e61mcUHIdDaz/kgU29dlng8Wdfk9PgV/US3RouWGJF7q46c/\nHheSkHhyE0kVSxqQqob6hUiU+DJPKwGi8v8eTC+GWOqLNnMdTyw4V7QvQt6KA4eX\nRRraiIoyzVNQJvjBOn0vu3gW69L2+3J3ZvK4U+0vVKpM9niWwnH69GQbhptKWzz0\nn4t58ZLafOjhmcPcVS8wHUpx6pGnAvgrhk5J+CYxzMSz1UGJ7k1LwwrF+whEMQ8K\nw30JbsbC9eppcKGXPdskr5IQcWzoeQTfxs5PBlSWwBa1R4+56Q2wN2dgAPRNPtZ8\nZpJC/82dl2PPUhopI9LYeMhdS0d0Nyv2bGYtlNskkEg6V96yoJmrf0j8ipo+N77Y\nMJVhdcQYietXN7zrscok4gVLhjnTXQZotcYXUVnJEKB5ggpgugIn8nAfFZiDGVic\ncJ1Olq9FjAt/wnFOplm9y5tXlQ42/EvbWWuDDvuJGMMQta6sFQKCAQEA9/LPu6XB\nFPHQ/+l6k+AbRmZmxPbvgVL2N/LzQJBDpKPgW2/Y5Uce0V6FQAgQSAToLk961JLR\nSTxH3XHQJzslvxZ8dP/Zyyd244ZN/+8e+QqsZX4nSwAAYzalq7jm/gMCRAwltJor\nkGmMuSjKr8xZlnz7sbgnDMwBUBGq0Gob6jFhxv1v/3pFmbk8u4sHoB+W1/ryk0GO\ncrisHvW9YXhu83NQ9d0xUJMDH5E2DZHV8Mtde0tvkd7yPbGQNgq8UuuaiSoVM9lE\nCmDIZbFogKyRgKSXYSgVrthGsktAbBEks0ig61WKSH20orHL35Cl8zfqOxsPAnaY\nxCjqTJFSyRJJPQKCAQEA+0bgV72fOsYZC/wik8u6w7WJzSpP8sKUzvffiPCgRHrI\nq2ZDMdN1e+47Kfzl2jJtuKfgc7hDZrl90wz9dXPokyEd7Q2g/990mk510D4rjp+0\nBQBn8U7ScIaEdDLztByXIL6agPk1dYYIYf0/RCyrRRFcmEGvR2M76+UxRLyfWJud\nlF0YsJf7HxvVfZaIkPer7ukVyJGQj2TZE9SuGKh/yFGmCaBPli045eVOtMR4nat7\nTvSd2Wl8cyO/zzaZR2Ag76FdHaILw2Q8R2CP2PZlapioXvOI2xNPyNHBLqkiR6mm\nUDMivXVMp2dtcVkmMQmnff7Wb+meRWlDXt3TnLgdvwKCAQBdTvQcAtG5pxLm659k\nfObmxGySXPde7LCZ94TRXDkIgV9SKbIu/me7lN2CbkZqQ+Z4XxKzYpj9/YBx9n3F\n9b1LvxORGCOHD0/vacB6uyslv32HKEVzNQnwTEVmbUwIdWtp3kRmRcp1KzN5Dr/Q\nDo/8UQaLJ+kSKMepsSxeCEB/DpxkPUXjl8kPg6U2UqjI+npSxy54eig4RgUIFaRy\nRNdEKLZkAByp3NlFDOmRi7s+RdnlJ0tSUttImkTSAZJDhkR+r+aQv4eafDeOBYh1\nO/v5tHb/ag1W4i8gs68HvB/alE9yoJtMknni7BP0C0RYVkeAfLtWSvlMgLVDoUDN\nSGNlAoIBABB/i9VW9vB190kJKgAIPWACOGUHJS6sRfb84WltWyiD408VrM3Fs44K\ni0nrd/AGpZudMiiG7a39+dv0m2Ot05RtdTiOT4bdVhuXkTa2DkgUBk7ZwvleEoUe\n3+19NvEZe3bD7QMQ2ci4ny5H4XKJeElVpX29ulN2mYWYi86Wj+PSe9s07Z0SrYNS\nYYcYbikOifRqy2pa3GH93h7mNPQbhCBT9BHnu7IBkB3QG4XU7JJ1ougBOaf/vBMX\nQs3JKPE9x4vUTXfXnuwaVbbeCTPWobwI/+0UEmVH9FIcK5HzuvN3mRrk8J/95qWL\nLe1mTBKmLqAgLlY0wZaPHcRJzk4Y7KMCggEBAN9jvHhHoAXpvE6+nTkOLZAbnRu1\nKKIxrUVw7DHEo6YRzCdXOY5hF5Mwjovg6CoB9Ke4XqE2isJZez4L9XQ54K05QraZ\nBRE4mHwqWtCEjiUM7fnOY8ppOkz0g8SMaWMNR9MLOTornaXGgfpWId8hvJ+8igxw\nVNUWHE38LlNuvX1vz8IeTXkIHbfMZq+wJtWbNI9VkrSmhrrCpcf5Mi5+Jjk0WUCA\nglSlnCMHxCaGPIs2X72++Y0/B08TwdZwPZXeivZFDjqug082wStGabAoXKKqzsxd\nL3wjtBk+QDfEttNJp6QZ1LgP79qfOCJc22Q0xYLCrgjmCd+Jn0yM3eaS7e4=\n-----END RSA PRIVATE KEY-----\n",
            "content_base64": null,
            "content_base64sha256": "ON09sPc5+RXO7/bWe6COWjngUm+PP2PbCDl+Agnene4=",
            "content_base64sha512": "l/SHgcnbIlxJCICnk2ehRk1sFVnCOZ8Qg5w/iJUZTPjieQKOZIenm+XJemodRKmETWYCFWjoJWTnndcnli/+Qw==",
            "content_md5": "1dfe49ca305310b983d0e03c31a34e8e",
            "content_sha1": "9809d4d70ef966bd61967a8d72915f4b47e6d0e5",
            "content_sha256": "38dd3db0f739f915ceeff6d67ba08e5a39e0526f8f3f63db08397e0209de9dee",
            "content_sha512": "97f48781c9db225c490880a79367a1464d6c1559c2399f10839c3f8895194cf8e279028e6487a79be5c97a6a1d44a9844d66021568e82564e79dd727962ffe43",
            "directory_permission": "0777",
            "file_permission": "0600",
            "filename": "./tf_generated_key.pem",
            "id": "9809d4d70ef966bd61967a8d72915f4b47e6d0e5",
            "sensitive_content": null,
            "source": null
          },
          "sensitive_attributes": [
            [
              {
                "type": "get_attr",
                "value": "content"
              }
            ],
            [
              {
                "type": "get_attr",
                "value": "sensitive_content"
              }
            ]
          ],
          "identity_schema_version": 0,
          "dependencies": [
            "tls_private_key.ssh"
          ]
        }
      ]
    },
    {
      "mode": "managed",
      "type": "random_id",
      "name": "suffix",
      "provider": "provider[\"registry.terraform.io/hashicorp/random\"]",
      "instances": [
        {
          "schema_version": 0,
          "attributes": {
            "b64_std": "Qfxk",
            "b64_url": "Qfxk",
            "byte_length": 3,
            "dec": "4324452",
            "hex": "41fc64",
            "id": "Qfxk",
            "keepers": null,
            "prefix": null
          },
          "sensitive_attributes": [],
          "identity_schema_version": 0
        }
      ]
    },
    {
      "mode": "managed",
      "type": "tls_private_key",
      "name": "ssh",
      "provider": "provider[\"registry.terraform.io/hashicorp/tls\"]",
      "instances": [
        {
          "schema_version": 1,
          "attributes": {
            "algorithm": "RSA",
            "ecdsa_curve": "P224",
            "id": "d3ab1379758e43d77f27b114e07592c5db0d7eb2",
            "private_key_openssh": "-----BEGIN OPENSSH PRIVATE KEY-----\nb3BlbnNzaC1rZXktdjEAAAAABG5vbmUAAAAEbm9uZQAAAAAAAAABAAACFwAAAAdz\nc2gtcnNhAAAAAwEAAQAAAgEA81+3WznE6DyJBsTyN3mG6gKRGQ6zRawGIcTEdRhf\nOHj0Y2+8mPEGTfS17/fli68v7ghOYrOxFY8SAzb+yNZWWVSQSGQF/5A8NQm6xzRZ\nQed5cLVeHHb9RzURNYfT7hTijUyvGLBYvxCyeS2YN28xNuE1zXvovDeLPLqsjBJl\ngPlpbygx1OK6ng4EESH0i6wmIAhm/92hqEgs+yBHkVNNDJlco1z5Wa9f2xbDrOfe\ng01RlbJNSQ/Pdn30fXWDz/AOOd/dKcMdmiooRN6fY5zmIaWJ7OaFcNvi6i0vQ2+x\nNa+u9CDmlOaus2TsH1H3Ymq1dp24BPdr2sJd0UN5cqoC4T8CGObxmhRz257HJQNa\nnfaITx7xtuWUPANZaWLC+2wUlYisSgUlpheUCi0GSg6SyM9y9r9PuVp/hTOTKycu\nPeQm3iOeg4hTQsQ7aUtNAGjX4Y+SILU01yvz/farIK9r1EB7G1OknMLbKzKggfMo\n9N3hzfVIntzrM9ZMcdPyywTz2z8+yUxWudv2WkdnqKH9hSHUvHJjlMp1rDQxd/QU\ndUocMYNJ2g7GVm3CzSeU80zKSU85UAtWLT0fMWf1l9SpnrSzw4ZtproV+tYkOH5m\nkWxWFQZhXqZss6WzAaaaSbs3kGhGDFiPfmFF9ziHvJSYBoPgSkoS22RfwFB9l+bI\njYMAAAc4cj2tu3I9rbsAAAAHc3NoLXJzYQAAAgEA81+3WznE6DyJBsTyN3mG6gKR\nGQ6zRawGIcTEdRhfOHj0Y2+8mPEGTfS17/fli68v7ghOYrOxFY8SAzb+yNZWWVSQ\nSGQF/5A8NQm6xzRZQed5cLVeHHb9RzURNYfT7hTijUyvGLBYvxCyeS2YN28xNuE1\nzXvovDeLPLqsjBJlgPlpbygx1OK6ng4EESH0i6wmIAhm/92hqEgs+yBHkVNNDJlc\no1z5Wa9f2xbDrOfeg01RlbJNSQ/Pdn30fXWDz/AOOd/dKcMdmiooRN6fY5zmIaWJ\n7OaFcNvi6i0vQ2+xNa+u9CDmlOaus2TsH1H3Ymq1dp24BPdr2sJd0UN5cqoC4T8C\nGObxmhRz257HJQNanfaITx7xtuWUPANZaWLC+2wUlYisSgUlpheUCi0GSg6SyM9y\n9r9PuVp/hTOTKycuPeQm3iOeg4hTQsQ7aUtNAGjX4Y+SILU01yvz/farIK9r1EB7\nG1OknMLbKzKggfMo9N3hzfVIntzrM9ZMcdPyywTz2z8+yUxWudv2WkdnqKH9hSHU\nvHJjlMp1rDQxd/QUdUocMYNJ2g7GVm3CzSeU80zKSU85UAtWLT0fMWf1l9SpnrSz\nw4ZtproV+tYkOH5mkWxWFQZhXqZss6WzAaaaSbs3kGhGDFiPfmFF9ziHvJSYBoPg\nSkoS22RfwFB9l+bIjYMAAAADAQABAAACAC2cijYgKQ2nTr0EiyqnbYgM7BmoniOY\nHlwUzwbtBueED7VVGyEExvw0OSbcrFoV/qMbTmmEKNOUCTmuBGkqdmtuhE305QTl\nCMud47Hy1ymZUrKzYwxtpoFCalPAfZEYu+7kaMp1PmSsoe5BA86b2brh0V4N82vW\n8xLyH2VvCzP1SnPJMjGmPnhhwxRc60KEBG8rc/ZPGL17rWZxQch0NrP+SBTb12We\nDxZ1+T0+BX9RLdGi5YYkXurjpz8eF5KQeHITSRVLGpCqhvqFSJT4Mk8rAaLy/x5M\nL4ZY6os2cx1PLDhXtC9C3ooDh5dFGtqIijLNU1Am+ME6fS+7eBbr0vb7cndm8rhT\n7S9Uqkz2eJbCcfr0ZBuGm0pbPPSfi3nxktp86OGZw9xVLzAdSnHqkacC+CuGTkn4\nJjHMxLPVQYnuTUvDCsX7CEQxDwrDfQluxsL16mlwoZc92ySvkhBxbOh5BN/Gzk8G\nVJbAFrVHj7npDbA3Z2AA9E0+1nxmkkL/zZ2XY89SGikj0th4yF1LR3Q3K/ZsZi2U\n2ySQSDpX3rKgmat/SPyKmj43vtgwlWF1xBiJ61c3vOuxyiTiBUuGOdNdBmi1xhdR\nWckQoHmCCmC6AifycB8VmIMZWJxwnU6Wr0WMC3/CcU6mWb3Lm1eVDjb8S9tZa4MO\n+4kYwxC1rqwVAAABAQDfY7x4R6AF6bxOvp05Di2QG50btSiiMa1FcOwxxKOmEcwn\nVzmOYReTMI6L4OgqAfSnuF6hNorCWXs+C/V0OeCtOUK2mQUROJh8KlrQhI4lDO35\nzmPKaTpM9IPEjGljDUfTCzk6K52lxoH6ViHfIbyfvIoMcFTVFhxN/C5Tbr19b8/C\nHk15CB23zGavsCbVmzSPVZK0poa6wqXH+TIufiY5NFlAgIJUpZwjB8QmhjyLNl+9\nvvmNPwdPE8HWcD2V3or2RQ46roNPNsErRmmwKFyiqs7MXS98I7QZPkA3xLbTSaek\nGdS4D+/anzgiXNtkNMWCwq4I5gnfiZ9MjN3mku3uAAABAQD38s+7pcEU8dD/6XqT\n4BtGZmbE9u+BUvY38vNAkEOko+Bbb9jlRx7RXoVACBBIBOguT3rUktFJPEfdcdAn\nOyW/Fnx0/9nLJ3bjhk3/7x75CqxlfidLAABjNqWruOb+AwJEDCW0miuQaYy5KMqv\nzFmWfPuxuCcMzAFQEarQahvqMWHG/W//ekWZuTy7iwegH5bX+vKTQY5yuKwe9b1h\neG7zc1D13TFQkwMfkTYNkdXwy117S2+R3vI9sZA2CrxS65qJKhUz2UQKYMhlsWiA\nrJGApJdhKBWu2EayS0BsESSzSKDrVYpIfbSiscvfkKXzN+o7Gw8CdpjEKOpMkVLJ\nEkk9AAABAQD7RuBXvZ86xhkL/CKTy7rDtYnNKk/ywpTO99+I8KBEesirZkMx03V7\n7jsp/OXaMm24p+BzuENmuX3TDP11c+iTIR3tDaD/33SaTnXQPiuOn7QFAGfxTtJw\nhoR0MvO0HJcgvpqA+TV1hghh/T9ELKtFEVyYQa9HYzvr5TFEvJ9Ym52UXRiwl/sf\nG9V9loiQ96vu6RXIkZCPZNkT1K4YqH/IUaYJoE+WLTjl5U60xHidq3tO9J3ZaXxz\nI7/PNplHYCDvoV0dogvDZDxHYI/Y9mVqmKhe84jbE0/I0cEuqSJHqaZQMyK9dUyn\nZ21xWSYxCad9/tZv6Z5FaUNe3dOcuB2/AAAAAAEC\n-----END OPENSSH PRIVATE KEY-----\n",
            "private_key_pem": "-----BEGIN RSA PRIVATE KEY-----\nMIIJKAIBAAKCAgEA81+3WznE6DyJBsTyN3mG6gKRGQ6zRawGIcTEdRhfOHj0Y2+8\nmPEGTfS17/fli68v7ghOYrOxFY8SAzb+yNZWWVSQSGQF/5A8NQm6xzRZQed5cLVe\nHHb9RzURNYfT7hTijUyvGLBYvxCyeS2YN28xNuE1zXvovDeLPLqsjBJlgPlpbygx\n1OK6ng4EESH0i6wmIAhm/92hqEgs+yBHkVNNDJlco1z5Wa9f2xbDrOfeg01RlbJN\nSQ/Pdn30fXWDz/AOOd/dKcMdmiooRN6fY5zmIaWJ7OaFcNvi6i0vQ2+xNa+u9CDm\nlOaus2TsH1H3Ymq1dp24BPdr2sJd0UN5cqoC4T8CGObxmhRz257HJQNanfaITx7x\ntuWUPANZaWLC+2wUlYisSgUlpheUCi0GSg6SyM9y9r9PuVp/hTOTKycuPeQm3iOe\ng4hTQsQ7aUtNAGjX4Y+SILU01yvz/farIK9r1EB7G1OknMLbKzKggfMo9N3hzfVI\nntzrM9ZMcdPyywTz2z8+yUxWudv2WkdnqKH9hSHUvHJjlMp1rDQxd/QUdUocMYNJ\n2g7GVm3CzSeU80zKSU85UAtWLT0fMWf1l9SpnrSzw4ZtproV+tYkOH5mkWxWFQZh\nXqZss6WzAaaaSbs3kGhGDFiPfmFF9ziHvJSYBoPgSkoS22RfwFB9l+bIjYMCAwEA\nAQKCAgAtnIo2ICkNp069BIsqp22IDOwZqJ4jmB5cFM8G7QbnhA+1VRshBMb8NDkm\n3KxaFf6jG05phCjTlAk5rgRpKnZrboRN9OUE5QjLneOx8tcpmVKys2MMbaaBQmpT\nwH2RGLvu5GjKdT5krKHuQQPOm9m64dFeDfNr1vMS8h9lbwsz9UpzyTIxpj54YcMU\nXOtChARvK3P2Txi9e61mcUHIdDaz/kgU29dlng8Wdfk9PgV/US3RouWGJF7q46c/\nHheSkHhyE0kVSxqQqob6hUiU+DJPKwGi8v8eTC+GWOqLNnMdTyw4V7QvQt6KA4eX\nRRraiIoyzVNQJvjBOn0vu3gW69L2+3J3ZvK4U+0vVKpM9niWwnH69GQbhptKWzz0\nn4t58ZLafOjhmcPcVS8wHUpx6pGnAvgrhk5J+CYxzMSz1UGJ7k1LwwrF+whEMQ8K\nw30JbsbC9eppcKGXPdskr5IQcWzoeQTfxs5PBlSWwBa1R4+56Q2wN2dgAPRNPtZ8\nZpJC/82dl2PPUhopI9LYeMhdS0d0Nyv2bGYtlNskkEg6V96yoJmrf0j8ipo+N77Y\nMJVhdcQYietXN7zrscok4gVLhjnTXQZotcYXUVnJEKB5ggpgugIn8nAfFZiDGVic\ncJ1Olq9FjAt/wnFOplm9y5tXlQ42/EvbWWuDDvuJGMMQta6sFQKCAQEA9/LPu6XB\nFPHQ/+l6k+AbRmZmxPbvgVL2N/LzQJBDpKPgW2/Y5Uce0V6FQAgQSAToLk961JLR\nSTxH3XHQJzslvxZ8dP/Zyyd244ZN/+8e+QqsZX4nSwAAYzalq7jm/gMCRAwltJor\nkGmMuSjKr8xZlnz7sbgnDMwBUBGq0Gob6jFhxv1v/3pFmbk8u4sHoB+W1/ryk0GO\ncrisHvW9YXhu83NQ9d0xUJMDH5E2DZHV8Mtde0tvkd7yPbGQNgq8UuuaiSoVM9lE\nCmDIZbFogKyRgKSXYSgVrthGsktAbBEks0ig61WKSH20orHL35Cl8zfqOxsPAnaY\nxCjqTJFSyRJJPQKCAQEA+0bgV72fOsYZC/wik8u6w7WJzSpP8sKUzvffiPCgRHrI\nq2ZDMdN1e+47Kfzl2jJtuKfgc7hDZrl90wz9dXPokyEd7Q2g/990mk510D4rjp+0\nBQBn8U7ScIaEdDLztByXIL6agPk1dYYIYf0/RCyrRRFcmEGvR2M76+UxRLyfWJud\nlF0YsJf7HxvVfZaIkPer7ukVyJGQj2TZE9SuGKh/yFGmCaBPli045eVOtMR4nat7\nTvSd2Wl8cyO/zzaZR2Ag76FdHaILw2Q8R2CP2PZlapioXvOI2xNPyNHBLqkiR6mm\nUDMivXVMp2dtcVkmMQmnff7Wb+meRWlDXt3TnLgdvwKCAQBdTvQcAtG5pxLm659k\nfObmxGySXPde7LCZ94TRXDkIgV9SKbIu/me7lN2CbkZqQ+Z4XxKzYpj9/YBx9n3F\n9b1LvxORGCOHD0/vacB6uyslv32HKEVzNQnwTEVmbUwIdWtp3kRmRcp1KzN5Dr/Q\nDo/8UQaLJ+kSKMepsSxeCEB/DpxkPUXjl8kPg6U2UqjI+npSxy54eig4RgUIFaRy\nRNdEKLZkAByp3NlFDOmRi7s+RdnlJ0tSUttImkTSAZJDhkR+r+aQv4eafDeOBYh1\nO/v5tHb/ag1W4i8gs68HvB/alE9yoJtMknni7BP0C0RYVkeAfLtWSvlMgLVDoUDN\nSGNlAoIBABB/i9VW9vB190kJKgAIPWACOGUHJS6sRfb84WltWyiD408VrM3Fs44K\ni0nrd/AGpZudMiiG7a39+dv0m2Ot05RtdTiOT4bdVhuXkTa2DkgUBk7ZwvleEoUe\n3+19NvEZe3bD7QMQ2ci4ny5H4XKJeElVpX29ulN2mYWYi86Wj+PSe9s07Z0SrYNS\nYYcYbikOifRqy2pa3GH93h7mNPQbhCBT9BHnu7IBkB3QG4XU7JJ1ougBOaf/vBMX\nQs3JKPE9x4vUTXfXnuwaVbbeCTPWobwI/+0UEmVH9FIcK5HzuvN3mRrk8J/95qWL\nLe1mTBKmLqAgLlY0wZaPHcRJzk4Y7KMCggEBAN9jvHhHoAXpvE6+nTkOLZAbnRu1\nKKIxrUVw7DHEo6YRzCdXOY5hF5Mwjovg6CoB9Ke4XqE2isJZez4L9XQ54K05QraZ\nBRE4mHwqWtCEjiUM7fnOY8ppOkz0g8SMaWMNR9MLOTornaXGgfpWId8hvJ+8igxw\nVNUWHE38LlNuvX1vz8IeTXkIHbfMZq+wJtWbNI9VkrSmhrrCpcf5Mi5+Jjk0WUCA\nglSlnCMHxCaGPIs2X72++Y0/B08TwdZwPZXeivZFDjqug082wStGabAoXKKqzsxd\nL3wjtBk+QDfEttNJp6QZ1LgP79qfOCJc22Q0xYLCrgjmCd+Jn0yM3eaS7e4=\n-----END RSA PRIVATE KEY-----\n",
            "private_key_pem_pkcs8": "-----BEGIN PRIVATE KEY-----\nMIIJQgIBADANBgkqhkiG9w0BAQEFAASCCSwwggkoAgEAAoICAQDzX7dbOcToPIkG\nxPI3eYbqApEZDrNFrAYhxMR1GF84ePRjb7yY8QZN9LXv9+WLry/uCE5is7EVjxID\nNv7I1lZZVJBIZAX/kDw1CbrHNFlB53lwtV4cdv1HNRE1h9PuFOKNTK8YsFi/ELJ5\nLZg3bzE24TXNe+i8N4s8uqyMEmWA+WlvKDHU4rqeDgQRIfSLrCYgCGb/3aGoSCz7\nIEeRU00MmVyjXPlZr1/bFsOs596DTVGVsk1JD892ffR9dYPP8A45390pwx2aKihE\n3p9jnOYhpYns5oVw2+LqLS9Db7E1r670IOaU5q6zZOwfUfdiarV2nbgE92vawl3R\nQ3lyqgLhPwIY5vGaFHPbnsclA1qd9ohPHvG25ZQ8A1lpYsL7bBSViKxKBSWmF5QK\nLQZKDpLIz3L2v0+5Wn+FM5MrJy495CbeI56DiFNCxDtpS00AaNfhj5IgtTTXK/P9\n9qsgr2vUQHsbU6ScwtsrMqCB8yj03eHN9Uie3Osz1kxx0/LLBPPbPz7JTFa52/Za\nR2eoof2FIdS8cmOUynWsNDF39BR1Shwxg0naDsZWbcLNJ5TzTMpJTzlQC1YtPR8x\nZ/WX1KmetLPDhm2muhX61iQ4fmaRbFYVBmFepmyzpbMBpppJuzeQaEYMWI9+YUX3\nOIe8lJgGg+BKShLbZF/AUH2X5siNgwIDAQABAoICAC2cijYgKQ2nTr0EiyqnbYgM\n7BmoniOYHlwUzwbtBueED7VVGyEExvw0OSbcrFoV/qMbTmmEKNOUCTmuBGkqdmtu\nhE305QTlCMud47Hy1ymZUrKzYwxtpoFCalPAfZEYu+7kaMp1PmSsoe5BA86b2brh\n0V4N82vW8xLyH2VvCzP1SnPJMjGmPnhhwxRc60KEBG8rc/ZPGL17rWZxQch0NrP+\nSBTb12WeDxZ1+T0+BX9RLdGi5YYkXurjpz8eF5KQeHITSRVLGpCqhvqFSJT4Mk8r\nAaLy/x5ML4ZY6os2cx1PLDhXtC9C3ooDh5dFGtqIijLNU1Am+ME6fS+7eBbr0vb7\ncndm8rhT7S9Uqkz2eJbCcfr0ZBuGm0pbPPSfi3nxktp86OGZw9xVLzAdSnHqkacC\n+CuGTkn4JjHMxLPVQYnuTUvDCsX7CEQxDwrDfQluxsL16mlwoZc92ySvkhBxbOh5\nBN/Gzk8GVJbAFrVHj7npDbA3Z2AA9E0+1nxmkkL/zZ2XY89SGikj0th4yF1LR3Q3\nK/ZsZi2U2ySQSDpX3rKgmat/SPyKmj43vtgwlWF1xBiJ61c3vOuxyiTiBUuGOdNd\nBmi1xhdRWckQoHmCCmC6AifycB8VmIMZWJxwnU6Wr0WMC3/CcU6mWb3Lm1eVDjb8\nS9tZa4MO+4kYwxC1rqwVAoIBAQD38s+7pcEU8dD/6XqT4BtGZmbE9u+BUvY38vNA\nkEOko+Bbb9jlRx7RXoVACBBIBOguT3rUktFJPEfdcdAnOyW/Fnx0/9nLJ3bjhk3/\n7x75CqxlfidLAABjNqWruOb+AwJEDCW0miuQaYy5KMqvzFmWfPuxuCcMzAFQEarQ\nahvqMWHG/W//ekWZuTy7iwegH5bX+vKTQY5yuKwe9b1heG7zc1D13TFQkwMfkTYN\nkdXwy117S2+R3vI9sZA2CrxS65qJKhUz2UQKYMhlsWiArJGApJdhKBWu2EayS0Bs\nESSzSKDrVYpIfbSiscvfkKXzN+o7Gw8CdpjEKOpMkVLJEkk9AoIBAQD7RuBXvZ86\nxhkL/CKTy7rDtYnNKk/ywpTO99+I8KBEesirZkMx03V77jsp/OXaMm24p+BzuENm\nuX3TDP11c+iTIR3tDaD/33SaTnXQPiuOn7QFAGfxTtJwhoR0MvO0HJcgvpqA+TV1\nhghh/T9ELKtFEVyYQa9HYzvr5TFEvJ9Ym52UXRiwl/sfG9V9loiQ96vu6RXIkZCP\nZNkT1K4YqH/IUaYJoE+WLTjl5U60xHidq3tO9J3ZaXxzI7/PNplHYCDvoV0dogvD\nZDxHYI/Y9mVqmKhe84jbE0/I0cEuqSJHqaZQMyK9dUynZ21xWSYxCad9/tZv6Z5F\naUNe3dOcuB2/AoIBAF1O9BwC0bmnEubrn2R85ubEbJJc917ssJn3hNFcOQiBX1Ip\nsi7+Z7uU3YJuRmpD5nhfErNimP39gHH2fcX1vUu/E5EYI4cPT+9pwHq7KyW/fYco\nRXM1CfBMRWZtTAh1a2neRGZFynUrM3kOv9AOj/xRBosn6RIox6mxLF4IQH8OnGQ9\nReOXyQ+DpTZSqMj6elLHLnh6KDhGBQgVpHJE10QotmQAHKnc2UUM6ZGLuz5F2eUn\nS1JS20iaRNIBkkOGRH6v5pC/h5p8N44FiHU7+/m0dv9qDVbiLyCzrwe8H9qUT3Kg\nm0ySeeLsE/QLRFhWR4B8u1ZK+UyAtUOhQM1IY2UCggEAEH+L1Vb28HX3SQkqAAg9\nYAI4ZQclLqxF9vzhaW1bKIPjTxWszcWzjgqLSet38Aalm50yKIbtrf352/SbY63T\nlG11OI5Pht1WG5eRNrYOSBQGTtnC+V4ShR7f7X028Rl7dsPtAxDZyLifLkfhcol4\nSVWlfb26U3aZhZiLzpaP49J72zTtnRKtg1JhhxhuKQ6J9GrLalrcYf3eHuY09BuE\nIFP0Eee7sgGQHdAbhdTsknWi6AE5p/+8ExdCzcko8T3Hi9RNd9ee7BpVtt4JM9ah\nvAj/7RQSZUf0UhwrkfO683eZGuTwn/3mpYst7WZMEqYuoCAuVjTBlo8dxEnOThjs\nowKCAQEA32O8eEegBem8Tr6dOQ4tkBudG7UoojGtRXDsMcSjphHMJ1c5jmEXkzCO\ni+DoKgH0p7heoTaKwll7Pgv1dDngrTlCtpkFETiYfCpa0ISOJQzt+c5jymk6TPSD\nxIxpYw1H0ws5OiudpcaB+lYh3yG8n7yKDHBU1RYcTfwuU269fW/Pwh5NeQgdt8xm\nr7Am1Zs0j1WStKaGusKlx/kyLn4mOTRZQICCVKWcIwfEJoY8izZfvb75jT8HTxPB\n1nA9ld6K9kUOOq6DTzbBK0ZpsChcoqrOzF0vfCO0GT5AN8S200mnpBnUuA/v2p84\nIlzbZDTFgsKuCOYJ34mfTIzd5pLt7g==\n-----END PRIVATE KEY-----\n",
            "public_key_fingerprint_md5": "4b:9a:e1:c0:8c:dd:46:3b:78:aa:89:3d:b6:f2:98:5c",
            "public_key_fingerprint_sha256": "SHA256:sJ0Rk+6glD/Dg6AKlTrofWCuUitSfs3WYsIvfDrkOnc",
            "public_key_openssh": "ssh-rsa AAAAB3NzaC1yc2EAAAADAQABAAACAQDzX7dbOcToPIkGxPI3eYbqApEZDrNFrAYhxMR1GF84ePRjb7yY8QZN9LXv9+WLry/uCE5is7EVjxIDNv7I1lZZVJBIZAX/kDw1CbrHNFlB53lwtV4cdv1HNRE1h9PuFOKNTK8YsFi/ELJ5LZg3bzE24TXNe+i8N4s8uqyMEmWA+WlvKDHU4rqeDgQRIfSLrCYgCGb/3aGoSCz7IEeRU00MmVyjXPlZr1/bFsOs596DTVGVsk1JD892ffR9dYPP8A45390pwx2aKihE3p9jnOYhpYns5oVw2+LqLS9Db7E1r670IOaU5q6zZOwfUfdiarV2nbgE92vawl3RQ3lyqgLhPwIY5vGaFHPbnsclA1qd9ohPHvG25ZQ8A1lpYsL7bBSViKxKBSWmF5QKLQZKDpLIz3L2v0+5Wn+FM5MrJy495CbeI56DiFNCxDtpS00AaNfhj5IgtTTXK/P99qsgr2vUQHsbU6ScwtsrMqCB8yj03eHN9Uie3Osz1kxx0/LLBPPbPz7JTFa52/ZaR2eoof2FIdS8cmOUynWsNDF39BR1Shwxg0naDsZWbcLNJ5TzTMpJTzlQC1YtPR8xZ/WX1KmetLPDhm2muhX61iQ4fmaRbFYVBmFepmyzpbMBpppJuzeQaEYMWI9+YUX3OIe8lJgGg+BKShLbZF/AUH2X5siNgw==\n",
            "public_key_pem": "-----BEGIN PUBLIC KEY-----\nMIICIjANBgkqhkiG9w0BAQEFAAOCAg8AMIICCgKCAgEA81+3WznE6DyJBsTyN3mG\n6gKRGQ6zRawGIcTEdRhfOHj0Y2+8mPEGTfS17/fli68v7ghOYrOxFY8SAzb+yNZW\nWVSQSGQF/5A8NQm6xzRZQed5cLVeHHb9RzURNYfT7hTijUyvGLBYvxCyeS2YN28x\nNuE1zXvovDeLPLqsjBJlgPlpbygx1OK6ng4EESH0i6wmIAhm/92hqEgs+yBHkVNN\nDJlco1z5Wa9f2xbDrOfeg01RlbJNSQ/Pdn30fXWDz/AOOd/dKcMdmiooRN6fY5zm\nIaWJ7OaFcNvi6i0vQ2+xNa+u9CDmlOaus2TsH1H3Ymq1dp24BPdr2sJd0UN5cqoC\n4T8CGObxmhRz257HJQNanfaITx7xtuWUPANZaWLC+2wUlYisSgUlpheUCi0GSg6S\nyM9y9r9PuVp/hTOTKycuPeQm3iOeg4hTQsQ7aUtNAGjX4Y+SILU01yvz/farIK9r\n1EB7G1OknMLbKzKggfMo9N3hzfVIntzrM9ZMcdPyywTz2z8+yUxWudv2WkdnqKH9\nhSHUvHJjlMp1rDQxd/QUdUocMYNJ2g7GVm3CzSeU80zKSU85UAtWLT0fMWf1l9Sp\nnrSzw4ZtproV+tYkOH5mkWxWFQZhXqZss6WzAaaaSbs3kGhGDFiPfmFF9ziHvJSY\nBoPgSkoS22RfwFB9l+bIjYMCAwEAAQ==\n-----END PUBLIC KEY-----\n",
            "rsa_bits": 4096
          },
          "sensitive_attributes": [
            [
              {
                "type": "get_attr",
                "value": "private_key_openssh"
              }
            ],
            [
              {
                "type": "get_attr",
                "value": "private_key_pem"
              }
            ],
            [
              {
                "type": "get_attr",
                "value": "private_key_pem_pkcs8"
              }
            ]
          ],
          "identity_schema_version": 0
        }
      ]
    }
  ],
  "check_results": null
}
